
Microsoft Visual Studio Solution File, Format Version 12.00
# Visual Studio Version 16
VisualStudioVersion = 16.0.31313.79
MinimumVisualStudioVersion = 10.0.40219.1
Project("{FAE04EC0-301F-11D3-BF4B-00C04F79EFBC}") = "BatchAPI_Demo", "BatchAPI_Demo\BatchAPI_Demo.csproj", "{5A3A37E6-F87B-43C4-A07D-C6900511ACED}"
EndProject
Global
	GlobalSection(SolutionConfigurationPlatforms) = preSolution
		Debug|Any CPU = Debug|Any CPU
		Release|Any CPU = Release|Any CPU
	EndGlobalSection
	GlobalSection(ProjectConfigurationPlatforms) = postSolution
		{5A3A37E6-F87B-43C4-A07D-C6900511ACED}.Debug|Any CPU.ActiveCfg = Debug|Any CPU
		{5A3A37E6-F87B-43C4-A07D-C6900511ACED}.Debug|Any CPU.Build.0 = Debug|Any CPU
		{5A3A37E6-F87B-43C4-A07D-C6900511ACED}.Release|Any CPU.ActiveCfg = Release|Any CPU
		{5A3A37E6-F87B-43C4-A07D-C6900511ACED}.Release|Any CPU.Build.0 = Release|Any CPU
	EndGlobalSection
	GlobalSection(SolutionProperties) = preSolution
		HideSolutionNode = FALSE
	EndGlobalSection
	GlobalSection(ExtensibilityGlobals) = postSolution
		SolutionGuid = {602BA5F3-6DC6-47E2-9DEF-52081431E1AD}
	EndGlobalSection
EndGlobal
